
Microsoft Visual Studio Solution File, Format Version 12.00
# Visual Studio Version 17
VisualStudioVersion = 17.4.33103.184
MinimumVisualStudioVersion = 10.0.40219.1
Project("{8BC9CEB8-8B4A-11D0-8D11-00A0C91BC942}") = "sdl_HW", "sdl_HW\sdl_HW.vcxproj", "{BF94333D-6A58-4409-9238-4B75CF143806}"
EndProject
Project("{2150E333-8FDC-42A3-9474-1A3956D46DE8}") = "Элементы решения", "Элементы решения", "{BBF98A10-60A8-48BC-BEB0-DB0F3F249F6A}"
EndProject
Global
	GlobalSection(SolutionConfigurationPlatforms) = preSolution
		Debug|x64 = Debug|x64
		Debug|x86 = Debug|x86
		Release|x64 = Release|x64
		Release|x86 = Release|x86
	EndGlobalSection
	GlobalSection(ProjectConfigurationPlatforms) = postSolution
		{BF94333D-6A58-4409-9238-4B75CF143806}.Debug|x64.ActiveCfg = Debug|x64
		{BF94333D-6A58-4409-9238-4B75CF143806}.Debug|x64.Build.0 = Debug|x64
		{BF94333D-6A58-4409-9238-4B75CF143806}.Debug|x86.ActiveCfg = Debug|Win32
		{BF94333D-6A58-4409-9238-4B75CF143806}.Debug|x86.Build.0 = Debug|Win32
		{BF94333D-6A58-4409-9238-4B75CF143806}.Release|x64.ActiveCfg = Release|x64
		{BF94333D-6A58-4409-9238-4B75CF143806}.Release|x64.Build.0 = Release|x64
		{BF94333D-6A58-4409-9238-4B75CF143806}.Release|x86.ActiveCfg = Release|Win32
		{BF94333D-6A58-4409-9238-4B75CF143806}.Release|x86.Build.0 = Release|Win32
	EndGlobalSection
	GlobalSection(SolutionProperties) = preSolution
		HideSolutionNode = FALSE
	EndGlobalSection
	GlobalSection(ExtensibilityGlobals) = postSolution
		SolutionGuid = {35CD7CAD-592D-4733-AE4D-1B6AB8BEEFAC}
	EndGlobalSection
EndGlobal
